{
  "name": "LTE-Car",
  "lockfileVersion": 2,
  "requires": true,
  "packages": {
    "": {
      "dependencies": {
        "udplus": "^1.2.0"
      }
    },
    "node_modules/udplus": {
      "version": "1.2.0",
      "resolved": "https://registry.npmjs.org/udplus/-/udplus-1.2.0.tgz",
      "integrity": "sha512-/sIwZ+3CT43NsCztPIGF9LlgwxkhJlL2BCvr87iv8cH74EWCXgJLMC5wrX4M+4CeW1qTHSUrsnc15sbppBFz7g=="
    }
  },
  "dependencies": {
    "udplus": {
      "version": "1.2.0",
      "resolved": "https://registry.npmjs.org/udplus/-/udplus-1.2.0.tgz",
      "integrity": "sha512-/sIwZ+3CT43NsCztPIGF9LlgwxkhJlL2BCvr87iv8cH74EWCXgJLMC5wrX4M+4CeW1qTHSUrsnc15sbppBFz7g=="
    }
  }
}
